
Microsoft Visual Studio Solution File, Format Version 12.00
# Visual Studio Version 16
VisualStudioVersion = 16.0.31313.79
MinimumVisualStudioVersion = 10.0.40219.1
Project("{FAE04EC0-301F-11D3-BF4B-00C04F79EFBC}") = "conditionalOperator", "conditionalOperator\conditionalOperator.csproj", "{25A4A2DC-B9CC-4652-99D9-0DF7C2A3E3CE}"
EndProject
Project("{FAE04EC0-301F-11D3-BF4B-00C04F79EFBC}") = "nestedOperators", "nestedOperators\nestedOperators.csproj", "{C10DBED1-ED38-4D0B-AB51-3BEB92975130}"
EndProject
Project("{FAE04EC0-301F-11D3-BF4B-00C04F79EFBC}") = "operatorsIfElse", "operatorsIfElse\operatorsIfElse.csproj", "{F438072C-4E91-4050-A385-6140034605E3}"
EndProject
Project("{FAE04EC0-301F-11D3-BF4B-00C04F79EFBC}") = "comparisonOperators", "comparisonOperators\comparisonOperators.csproj", "{C4DFB52D-E8C9-4EFD-9AC7-F34DBF05657D}"
EndProject
Project("{FAE04EC0-301F-11D3-BF4B-00C04F79EFBC}") = "OperatorsToo", "OperatorsToo\OperatorsToo.csproj", "{F978DB71-4B03-4CA0-A9CD-BE75BAA798EE}"
EndProject
Global
	GlobalSection(SolutionConfigurationPlatforms) = preSolution
		Debug|Any CPU = Debug|Any CPU
		Release|Any CPU = Release|Any CPU
	EndGlobalSection
	GlobalSection(ProjectConfigurationPlatforms) = postSolution
		{25A4A2DC-B9CC-4652-99D9-0DF7C2A3E3CE}.Debug|Any CPU.ActiveCfg = Debug|Any CPU
		{25A4A2DC-B9CC-4652-99D9-0DF7C2A3E3CE}.Debug|Any CPU.Build.0 = Debug|Any CPU
		{25A4A2DC-B9CC-4652-99D9-0DF7C2A3E3CE}.Release|Any CPU.ActiveCfg = Release|Any CPU
		{25A4A2DC-B9CC-4652-99D9-0DF7C2A3E3CE}.Release|Any CPU.Build.0 = Release|Any CPU
		{C10DBED1-ED38-4D0B-AB51-3BEB92975130}.Debug|Any CPU.ActiveCfg = Debug|Any CPU
		{C10DBED1-ED38-4D0B-AB51-3BEB92975130}.Debug|Any CPU.Build.0 = Debug|Any CPU
		{C10DBED1-ED38-4D0B-AB51-3BEB92975130}.Release|Any CPU.ActiveCfg = Release|Any CPU
		{C10DBED1-ED38-4D0B-AB51-3BEB92975130}.Release|Any CPU.Build.0 = Release|Any CPU
		{F438072C-4E91-4050-A385-6140034605E3}.Debug|Any CPU.ActiveCfg = Debug|Any CPU
		{F438072C-4E91-4050-A385-6140034605E3}.Debug|Any CPU.Build.0 = Debug|Any CPU
		{F438072C-4E91-4050-A385-6140034605E3}.Release|Any CPU.ActiveCfg = Release|Any CPU
		{F438072C-4E91-4050-A385-6140034605E3}.Release|Any CPU.Build.0 = Release|Any CPU
		{C4DFB52D-E8C9-4EFD-9AC7-F34DBF05657D}.Debug|Any CPU.ActiveCfg = Debug|Any CPU
		{C4DFB52D-E8C9-4EFD-9AC7-F34DBF05657D}.Debug|Any CPU.Build.0 = Debug|Any CPU
		{C4DFB52D-E8C9-4EFD-9AC7-F34DBF05657D}.Release|Any CPU.ActiveCfg = Release|Any CPU
		{C4DFB52D-E8C9-4EFD-9AC7-F34DBF05657D}.Release|Any CPU.Build.0 = Release|Any CPU
		{F978DB71-4B03-4CA0-A9CD-BE75BAA798EE}.Debug|Any CPU.ActiveCfg = Debug|Any CPU
		{F978DB71-4B03-4CA0-A9CD-BE75BAA798EE}.Debug|Any CPU.Build.0 = Debug|Any CPU
		{F978DB71-4B03-4CA0-A9CD-BE75BAA798EE}.Release|Any CPU.ActiveCfg = Release|Any CPU
		{F978DB71-4B03-4CA0-A9CD-BE75BAA798EE}.Release|Any CPU.Build.0 = Release|Any CPU
	EndGlobalSection
	GlobalSection(SolutionProperties) = preSolution
		HideSolutionNode = FALSE
	EndGlobalSection
	GlobalSection(ExtensibilityGlobals) = postSolution
		SolutionGuid = {0F424E24-4B00-4203-B03B-DB39C0CB2BE8}
	EndGlobalSection
EndGlobal
